
Microsoft Visual Studio Solution File, Format Version 12.00
# Visual Studio Version 17
VisualStudioVersion = 17.9.34616.47
MinimumVisualStudioVersion = 10.0.40219.1
Project("{FAE04EC0-301F-11D3-BF4B-00C04F79EFBC}") = "REST API – Organizačná štruktúra firmy", "REST API – Organizačná štruktúra firmy\REST API – Organizačná štruktúra firmy.csproj", "{AA2906A4-1D74-4421-8880-2AF2C28AAEEE}"
EndProject
Global
	GlobalSection(SolutionConfigurationPlatforms) = preSolution
		Debug|Any CPU = Debug|Any CPU
		Release|Any CPU = Release|Any CPU
	EndGlobalSection
	GlobalSection(ProjectConfigurationPlatforms) = postSolution
		{AA2906A4-1D74-4421-8880-2AF2C28AAEEE}.Debug|Any CPU.ActiveCfg = Debug|Any CPU
		{AA2906A4-1D74-4421-8880-2AF2C28AAEEE}.Debug|Any CPU.Build.0 = Debug|Any CPU
		{AA2906A4-1D74-4421-8880-2AF2C28AAEEE}.Release|Any CPU.ActiveCfg = Release|Any CPU
		{AA2906A4-1D74-4421-8880-2AF2C28AAEEE}.Release|Any CPU.Build.0 = Release|Any CPU
	EndGlobalSection
	GlobalSection(SolutionProperties) = preSolution
		HideSolutionNode = FALSE
	EndGlobalSection
	GlobalSection(ExtensibilityGlobals) = postSolution
		SolutionGuid = {370E8196-70A2-4030-9B3C-B551A52B97D0}
	EndGlobalSection
EndGlobal
